// !$*UTF8*$!
{
	archiveVersion = 1;
	classes = {
	};
	objectVersion = 46;
	objects = {

/* Begin PBXBuildFile section */
		486746811FF225AD00D6D98F /* FBPageAPI.swift in Sources */ = {isa = PBXBuildFile; fileRef = 486746801FF225AD00D6D98F /* FBPageAPI.swift */; };
		486746851FF22AA100D6D98F /* PageView.swift in Sources */ = {isa = PBXBuildFile; fileRef = 486746841FF22AA100D6D98F /* PageView.swift */; };
		DC29BD361FF46031005EC7E1 /* PreferencesTableView.swift in Sources */ = {isa = PBXBuildFile; fileRef = DC29BD351FF46031005EC7E1 /* PreferencesTableView.swift */; };
		DC29BD381FF466DF005EC7E1 /* PrefView.swift in Sources */ = {isa = PBXBuildFile; fileRef = DC29BD371FF466DF005EC7E1 /* PrefView.swift */; };
		DC40085A1FF717CD00EC480E /* PrefData.swift in Sources */ = {isa = PBXBuildFile; fileRef = DC4008591FF717CD00EC480E /* PrefData.swift */; };
		DC4008601FF80C2200EC480E /* TextInput.swift in Sources */ = {isa = PBXBuildFile; fileRef = DC40085F1FF80C2200EC480E /* TextInput.swift */; };
		DC4008621FF81AB500EC480E /* PrefButton.swift in Sources */ = {isa = PBXBuildFile; fileRef = DC4008611FF81AB500EC480E /* PrefButton.swift */; };
		DC4008641FF862B500EC480E /* PrefScroller.swift in Sources */ = {isa = PBXBuildFile; fileRef = DC4008631FF862B500EC480E /* PrefScroller.swift */; };
		DC4008661FF86C1100EC480E /* PrefControl.swift in Sources */ = {isa = PBXBuildFile; fileRef = DC4008651FF86C1100EC480E /* PrefControl.swift */; };
		DC6E00EA1FFC18E5007AC44D /* StatusReloadDelegate.swift in Sources */ = {isa = PBXBuildFile; fileRef = DC6E00E91FFC18E5007AC44D /* StatusReloadDelegate.swift */; };
		DC995B7B1FF22A6700747053 /* PreferencesWindow.swift in Sources */ = {isa = PBXBuildFile; fileRef = DC995B791FF22A6700747053 /* PreferencesWindow.swift */; };
		DC995B7E1FF232FA00747053 /* TextLabel.swift in Sources */ = {isa = PBXBuildFile; fileRef = DC995B7D1FF232FA00747053 /* TextLabel.swift */; };
		DC995B821FF2CBEE00747053 /* PagesTableView.swift in Sources */ = {isa = PBXBuildFile; fileRef = DC995B811FF2CBEE00747053 /* PagesTableView.swift */; };
		DC995B861FF2D01700747053 /* PageData.swift in Sources */ = {isa = PBXBuildFile; fileRef = DC995B851FF2D01700747053 /* PageData.swift */; };
		DC995B8D1FF34C5C00747053 /* Cons.swift in Sources */ = {isa = PBXBuildFile; fileRef = DC995B8C1FF34C5C00747053 /* Cons.swift */; };
		DC995B8F1FF35CD000747053 /* Extensions.swift in Sources */ = {isa = PBXBuildFile; fileRef = DC995B8E1FF35CD000747053 /* Extensions.swift */; };
		DC995B911FF3604A00747053 /* PageList.swift in Sources */ = {isa = PBXBuildFile; fileRef = DC995B901FF3604A00747053 /* PageList.swift */; };
		DC995B931FF364CA00747053 /* PageScroller.swift in Sources */ = {isa = PBXBuildFile; fileRef = DC995B921FF364CA00747053 /* PageScroller.swift */; };
		DC9F5FD21FF1B353006AADE0 /* AppDelegate.swift in Sources */ = {isa = PBXBuildFile; fileRef = DC9F5FD11FF1B353006AADE0 /* AppDelegate.swift */; };
		DC9F5FD41FF1B353006AADE0 /* Assets.xcassets in Resources */ = {isa = PBXBuildFile; fileRef = DC9F5FD31FF1B353006AADE0 /* Assets.xcassets */; };
		DC9F5FD71FF1B353006AADE0 /* MainMenu.xib in Resources */ = {isa = PBXBuildFile; fileRef = DC9F5FD51FF1B353006AADE0 /* MainMenu.xib */; };
		DC9F5FDF1FF1B476006AADE0 /* StatusMenuController.swift in Sources */ = {isa = PBXBuildFile; fileRef = DC9F5FDE1FF1B476006AADE0 /* StatusMenuController.swift */; };
		DC9F5FE31FF1C346006AADE0 /* KEYS.swift in Sources */ = {isa = PBXBuildFile; fileRef = DC9F5FE21FF1C346006AADE0 /* KEYS.swift */; };
		DCE8F38B1FF97B61001B11B5 /* PageStatus.swift in Sources */ = {isa = PBXBuildFile; fileRef = DCE8F38A1FF97B61001B11B5 /* PageStatus.swift */; };
		DCE8F38D1FF9ED0C001B11B5 /* PrefReloadDelegate.swift in Sources */ = {isa = PBXBuildFile; fileRef = DCE8F38C1FF9ED0C001B11B5 /* PrefReloadDelegate.swift */; };
/* End PBXBuildFile section */

/* Begin PBXFileReference section */
		486746801FF225AD00D6D98F /* FBPageAPI.swift */ = {isa = PBXFileReference; fileEncoding = 4; lastKnownFileType = sourcecode.swift; path = FBPageAPI.swift; sourceTree = "<group>"; };
		486746841FF22AA100D6D98F /* PageView.swift */ = {isa = PBXFileReference; fileEncoding = 4; lastKnownFileType = sourcecode.swift; path = PageView.swift; sourceTree = "<group>"; };
		DC29BD351FF46031005EC7E1 /* PreferencesTableView.swift */ = {isa = PBXFileReference; fileEncoding = 4; lastKnownFileType = sourcecode.swift; path = PreferencesTableView.swift; sourceTree = "<group>"; };
		DC29BD371FF466DF005EC7E1 /* PrefView.swift */ = {isa = PBXFileReference; fileEncoding = 4; lastKnownFileType = sourcecode.swift; path = PrefView.swift; sourceTree = "<group>"; };
		DC4008591FF717CD00EC480E /* PrefData.swift */ = {isa = PBXFileReference; fileEncoding = 4; lastKnownFileType = sourcecode.swift; path = PrefData.swift; sourceTree = "<group>"; };
		DC40085F1FF80C2200EC480E /* TextInput.swift */ = {isa = PBXFileReference; fileEncoding = 4; lastKnownFileType = sourcecode.swift; path = TextInput.swift; sourceTree = "<group>"; };
		DC4008611FF81AB500EC480E /* PrefButton.swift */ = {isa = PBXFileReference; fileEncoding = 4; lastKnownFileType = sourcecode.swift; path = PrefButton.swift; sourceTree = "<group>"; };
		DC4008631FF862B500EC480E /* PrefScroller.swift */ = {isa = PBXFileReference; fileEncoding = 4; lastKnownFileType = sourcecode.swift; path = PrefScroller.swift; sourceTree = "<group>"; };
		DC4008651FF86C1100EC480E /* PrefControl.swift */ = {isa = PBXFileReference; fileEncoding = 4; lastKnownFileType = sourcecode.swift; path = PrefControl.swift; sourceTree = "<group>"; };
		DC6E00E91FFC18E5007AC44D /* StatusReloadDelegate.swift */ = {isa = PBXFileReference; fileEncoding = 4; lastKnownFileType = sourcecode.swift; path = StatusReloadDelegate.swift; sourceTree = "<group>"; };
		DC995B791FF22A6700747053 /* PreferencesWindow.swift */ = {isa = PBXFileReference; fileEncoding = 4; lastKnownFileType = sourcecode.swift; path = PreferencesWindow.swift; sourceTree = "<group>"; };
		DC995B7D1FF232FA00747053 /* TextLabel.swift */ = {isa = PBXFileReference; fileEncoding = 4; lastKnownFileType = sourcecode.swift; path = TextLabel.swift; sourceTree = "<group>"; };
		DC995B811FF2CBEE00747053 /* PagesTableView.swift */ = {isa = PBXFileReference; fileEncoding = 4; lastKnownFileType = sourcecode.swift; path = PagesTableView.swift; sourceTree = "<group>"; };
		DC995B851FF2D01700747053 /* PageData.swift */ = {isa = PBXFileReference; fileEncoding = 4; lastKnownFileType = sourcecode.swift; path = PageData.swift; sourceTree = "<group>"; };
		DC995B8C1FF34C5C00747053 /* Cons.swift */ = {isa = PBXFileReference; fileEncoding = 4; lastKnownFileType = sourcecode.swift; path = Cons.swift; sourceTree = "<group>"; };
		DC995B8E1FF35CD000747053 /* Extensions.swift */ = {isa = PBXFileReference; fileEncoding = 4; lastKnownFileType = sourcecode.swift; path = Extensions.swift; sourceTree = "<group>"; };
		DC995B901FF3604A00747053 /* PageList.swift */ = {isa = PBXFileReference; fileEncoding = 4; lastKnownFileType = sourcecode.swift; path = PageList.swift; sourceTree = "<group>"; };
		DC995B921FF364CA00747053 /* PageScroller.swift */ = {isa = PBXFileReference; fileEncoding = 4; lastKnownFileType = sourcecode.swift; path = PageScroller.swift; sourceTree = "<group>"; };
		DC9F5FCE1FF1B353006AADE0 /* Status_Updates.app */ = {isa = PBXFileReference; explicitFileType = wrapper.application; includeInIndex = 0; path = Status_Updates.app; sourceTree = BUILT_PRODUCTS_DIR; };
		DC9F5FD11FF1B353006AADE0 /* AppDelegate.swift */ = {isa = PBXFileReference; lastKnownFileType = sourcecode.swift; path = AppDelegate.swift; sourceTree = "<group>"; };
		DC9F5FD31FF1B353006AADE0 /* Assets.xcassets */ = {isa = PBXFileReference; lastKnownFileType = folder.assetcatalog; path = Assets.xcassets; sourceTree = "<group>"; };
		DC9F5FD61FF1B353006AADE0 /* Base */ = {isa = PBXFileReference; lastKnownFileType = file.xib; name = Base; path = Base.lproj/MainMenu.xib; sourceTree = "<group>"; };
		DC9F5FD81FF1B353006AADE0 /* Info.plist */ = {isa = PBXFileReference; lastKnownFileType = text.plist.xml; path = Info.plist; sourceTree = "<group>"; };
		DC9F5FDE1FF1B476006AADE0 /* StatusMenuController.swift */ = {isa = PBXFileReference; fileEncoding = 4; lastKnownFileType = sourcecode.swift; path = StatusMenuController.swift; sourceTree = "<group>"; };
		DC9F5FE21FF1C346006AADE0 /* KEYS.swift */ = {isa = PBXFileReference; fileEncoding = 4; lastKnownFileType = sourcecode.swift; path = KEYS.swift; sourceTree = "<group>"; };
		DCE8F38A1FF97B61001B11B5 /* PageStatus.swift */ = {isa = PBXFileReference; fileEncoding = 4; lastKnownFileType = sourcecode.swift; path = PageStatus.swift; sourceTree = "<group>"; };
		DCE8F38C1FF9ED0C001B11B5 /* PrefReloadDelegate.swift */ = {isa = PBXFileReference; fileEncoding = 4; lastKnownFileType = sourcecode.swift; path = PrefReloadDelegate.swift; sourceTree = "<group>"; };
/* End PBXFileReference section */

/* Begin PBXFrameworksBuildPhase section */
		DC9F5FCB1FF1B353006AADE0 /* Frameworks */ = {
			isa = PBXFrameworksBuildPhase;
			buildActionMask = 2147483647;
			files = (
			);
			runOnlyForDeploymentPostprocessing = 0;
		};
/* End PBXFrameworksBuildPhase section */

/* Begin PBXGroup section */
		DC995B891FF345F400747053 /* xibs */ = {
			isa = PBXGroup;
			children = (
				DC9F5FD51FF1B353006AADE0 /* MainMenu.xib */,
			);
			name = xibs;
			sourceTree = "<group>";
		};
		DC995B8A1FF3460400747053 /* Pages */ = {
			isa = PBXGroup;
			children = (
				DC995B921FF364CA00747053 /* PageScroller.swift */,
				DCE8F38A1FF97B61001B11B5 /* PageStatus.swift */,
				DC995B901FF3604A00747053 /* PageList.swift */,
				DC995B811FF2CBEE00747053 /* PagesTableView.swift */,
				DC995B851FF2D01700747053 /* PageData.swift */,
				486746841FF22AA100D6D98F /* PageView.swift */,
			);
			name = Pages;
			sourceTree = "<group>";
		};
		DC995B8B1FF34C4700747053 /* API */ = {
			isa = PBXGroup;
			children = (
				486746801FF225AD00D6D98F /* FBPageAPI.swift */,
			);
			name = API;
			sourceTree = "<group>";
		};
		DC9F5FC51FF1B353006AADE0 = {
			isa = PBXGroup;
			children = (
				DC9F5FD01FF1B353006AADE0 /* Status_Updates */,
				DC9F5FCF1FF1B353006AADE0 /* Products */,
			);
			sourceTree = "<group>";
		};
		DC9F5FCF1FF1B353006AADE0 /* Products */ = {
			isa = PBXGroup;
			children = (
				DC9F5FCE1FF1B353006AADE0 /* Status_Updates.app */,
			);
			name = Products;
			sourceTree = "<group>";
		};
		DC9F5FD01FF1B353006AADE0 /* Status_Updates */ = {
			isa = PBXGroup;
			children = (
				DC995B8E1FF35CD000747053 /* Extensions.swift */,
				DC995B891FF345F400747053 /* xibs */,
				DC9F5FD11FF1B353006AADE0 /* AppDelegate.swift */,
				DC9F5FDE1FF1B476006AADE0 /* StatusMenuController.swift */,
				DC29BD351FF46031005EC7E1 /* PreferencesTableView.swift */,
				DC995B791FF22A6700747053 /* PreferencesWindow.swift */,
				DC4008631FF862B500EC480E /* PrefScroller.swift */,
				DCE8F38C1FF9ED0C001B11B5 /* PrefReloadDelegate.swift */,
				DC6E00E91FFC18E5007AC44D /* StatusReloadDelegate.swift */,
				DC4008591FF717CD00EC480E /* PrefData.swift */,
				DC29BD371FF466DF005EC7E1 /* PrefView.swift */,
				DC4008651FF86C1100EC480E /* PrefControl.swift */,
				DC4008611FF81AB500EC480E /* PrefButton.swift */,
				DC40085F1FF80C2200EC480E /* TextInput.swift */,
				DC995B8A1FF3460400747053 /* Pages */,
				DC995B8B1FF34C4700747053 /* API */,
				DC995B7D1FF232FA00747053 /* TextLabel.swift */,
				DC995B8C1FF34C5C00747053 /* Cons.swift */,
				DC9F5FE21FF1C346006AADE0 /* KEYS.swift */,
				DC9F5FD81FF1B353006AADE0 /* Info.plist */,
				DC9F5FD31FF1B353006AADE0 /* Assets.xcassets */,
			);
			path = Status_Updates;
			sourceTree = "<group>";
		};
/* End PBXGroup section */

/* Begin PBXNativeTarget section */
		DC9F5FCD1FF1B353006AADE0 /* Status_Updates */ = {
			isa = PBXNativeTarget;
			buildConfigurationList = DC9F5FDB1FF1B353006AADE0 /* Build configuration list for PBXNativeTarget "Status_Updates" */;
			buildPhases = (
				DC9F5FCA1FF1B353006AADE0 /* Sources */,
				DC9F5FCB1FF1B353006AADE0 /* Frameworks */,
				DC9F5FCC1FF1B353006AADE0 /* Resources */,
			);
			buildRules = (
			);
			dependencies = (
			);
			name = Status_Updates;
			productName = Status_Updates;
			productReference = DC9F5FCE1FF1B353006AADE0 /* Status_Updates.app */;
			productType = "com.apple.product-type.application";
		};
/* End PBXNativeTarget section */

/* Begin PBXProject section */
		DC9F5FC61FF1B353006AADE0 /* Project object */ = {
			isa = PBXProject;
			attributes = {
				LastSwiftUpdateCheck = 0820;
				LastUpgradeCheck = 0820;
				ORGANIZATIONNAME = "Jing Lin";
				TargetAttributes = {
					DC9F5FCD1FF1B353006AADE0 = {
						CreatedOnToolsVersion = 8.2.1;
						DevelopmentTeam = 42K23B473V;
						ProvisioningStyle = Automatic;
					};
				};
			};
			buildConfigurationList = DC9F5FC91FF1B353006AADE0 /* Build configuration list for PBXProject "Status_Updates" */;
			compatibilityVersion = "Xcode 3.2";
			developmentRegion = English;
			hasScannedForEncodings = 0;
			knownRegions = (
				en,
				Base,
			);
			mainGroup = DC9F5FC51FF1B353006AADE0;
			productRefGroup = DC9F5FCF1FF1B353006AADE0 /* Products */;
			projectDirPath = "";
			projectRoot = "";
			targets = (
				DC9F5FCD1FF1B353006AADE0 /* Status_Updates */,
			);
		};
/* End PBXProject section */

/* Begin PBXResourcesBuildPhase section */
		DC9F5FCC1FF1B353006AADE0 /* Resources */ = {
			isa = PBXResourcesBuildPhase;
			buildActionMask = 2147483647;
			files = (
				DC9F5FD41FF1B353006AADE0 /* Assets.xcassets in Resources */,
				DC9F5FD71FF1B353006AADE0 /* MainMenu.xib in Resources */,
			);
			runOnlyForDeploymentPostprocessing = 0;
		};
/* End PBXResourcesBuildPhase section */

/* Begin PBXSourcesBuildPhase section */
		DC9F5FCA1FF1B353006AADE0 /* Sources */ = {
			isa = PBXSourcesBuildPhase;
			buildActionMask = 2147483647;
			files = (
				DC995B931FF364CA00747053 /* PageScroller.swift in Sources */,
				DC995B8D1FF34C5C00747053 /* Cons.swift in Sources */,
				DC6E00EA1FFC18E5007AC44D /* StatusReloadDelegate.swift in Sources */,
				DC4008641FF862B500EC480E /* PrefScroller.swift in Sources */,
				DC4008601FF80C2200EC480E /* TextInput.swift in Sources */,
				DCE8F38D1FF9ED0C001B11B5 /* PrefReloadDelegate.swift in Sources */,
				DC995B911FF3604A00747053 /* PageList.swift in Sources */,
				486746811FF225AD00D6D98F /* FBPageAPI.swift in Sources */,
				DC9F5FE31FF1C346006AADE0 /* KEYS.swift in Sources */,
				DC4008661FF86C1100EC480E /* PrefControl.swift in Sources */,
				DC995B7E1FF232FA00747053 /* TextLabel.swift in Sources */,
				DC4008621FF81AB500EC480E /* PrefButton.swift in Sources */,
				DC9F5FDF1FF1B476006AADE0 /* StatusMenuController.swift in Sources */,
				DCE8F38B1FF97B61001B11B5 /* PageStatus.swift in Sources */,
				DC995B861FF2D01700747053 /* PageData.swift in Sources */,
				DC995B7B1FF22A6700747053 /* PreferencesWindow.swift in Sources */,
				DC995B8F1FF35CD000747053 /* Extensions.swift in Sources */,
				DC9F5FD21FF1B353006AADE0 /* AppDelegate.swift in Sources */,
				486746851FF22AA100D6D98F /* PageView.swift in Sources */,
				DC995B821FF2CBEE00747053 /* PagesTableView.swift in Sources */,
				DC29BD361FF46031005EC7E1 /* PreferencesTableView.swift in Sources */,
				DC40085A1FF717CD00EC480E /* PrefData.swift in Sources */,
				DC29BD381FF466DF005EC7E1 /* PrefView.swift in Sources */,
			);
			runOnlyForDeploymentPostprocessing = 0;
		};
/* End PBXSourcesBuildPhase section */

/* Begin PBXVariantGroup section */
		DC9F5FD51FF1B353006AADE0 /* MainMenu.xib */ = {
			isa = PBXVariantGroup;
			children = (
				DC9F5FD61FF1B353006AADE0 /* Base */,
			);
			name = MainMenu.xib;
			sourceTree = "<group>";
		};
/* End PBXVariantGroup section */

/* Begin XCBuildConfiguration section */
		DC9F5FD91FF1B353006AADE0 /* Debug */ = {
			isa = XCBuildConfiguration;
			buildSettings = {
				ALWAYS_SEARCH_USER_PATHS = NO;
				CLANG_ANALYZER_NONNULL = YES;
				CLANG_CXX_LANGUAGE_STANDARD = "gnu++0x";
				CLANG_CXX_LIBRARY = "libc++";
				CLANG_ENABLE_MODULES = YES;
				CLANG_ENABLE_OBJC_ARC = YES;
				CLANG_WARN_BOOL_CONVERSION = YES;
				CLANG_WARN_CONSTANT_CONVERSION = YES;
				CLANG_WARN_DIRECT_OBJC_ISA_USAGE = YES_ERROR;
				CLANG_WARN_DOCUMENTATION_COMMENTS = YES;
				CLANG_WARN_EMPTY_BODY = YES;
				CLANG_WARN_ENUM_CONVERSION = YES;
				CLANG_WARN_INFINITE_RECURSION = YES;
				CLANG_WARN_INT_CONVERSION = YES;
				CLANG_WARN_OBJC_ROOT_CLASS = YES_ERROR;
				CLANG_WARN_SUSPICIOUS_MOVE = YES;
				CLANG_WARN_UNREACHABLE_CODE = YES;
				CLANG_WARN__DUPLICATE_METHOD_MATCH = YES;
				CODE_SIGN_IDENTITY = "-";
				COPY_PHASE_STRIP = NO;
				DEBUG_INFORMATION_FORMAT = dwarf;
				ENABLE_STRICT_OBJC_MSGSEND = YES;
				ENABLE_TESTABILITY = YES;
				GCC_C_LANGUAGE_STANDARD = gnu99;
				GCC_DYNAMIC_NO_PIC = NO;
				GCC_NO_COMMON_BLOCKS = YES;
				GCC_OPTIMIZATION_LEVEL = 0;
				GCC_PREPROCESSOR_DEFINITIONS = (
					"DEBUG=1",
					"$(inherited)",
				);
				GCC_WARN_64_TO_32_BIT_CONVERSION = YES;
				GCC_WARN_ABOUT_RETURN_TYPE = YES_ERROR;
				GCC_WARN_UNDECLARED_SELECTOR = YES;
				GCC_WARN_UNINITIALIZED_AUTOS = YES_AGGRESSIVE;
				GCC_WARN_UNUSED_FUNCTION = YES;
				GCC_WARN_UNUSED_VARIABLE = YES;
				MACOSX_DEPLOYMENT_TARGET = 10.11;
				MTL_ENABLE_DEBUG_INFO = YES;
				ONLY_ACTIVE_ARCH = YES;
				SDKROOT = macosx;
				SWIFT_ACTIVE_COMPILATION_CONDITIONS = DEBUG;
				SWIFT_OPTIMIZATION_LEVEL = "-Onone";
			};
			name = Debug;
		};
		DC9F5FDA1FF1B353006AADE0 /* Release */ = {
			isa = XCBuildConfiguration;
			buildSettings = {
				ALWAYS_SEARCH_USER_PATHS = NO;
				CLANG_ANALYZER_NONNULL = YES;
				CLANG_CXX_LANGUAGE_STANDARD = "gnu++0x";
				CLANG_CXX_LIBRARY = "libc++";
				CLANG_ENABLE_MODULES = YES;
				CLANG_ENABLE_OBJC_ARC = YES;
				CLANG_WARN_BOOL_CONVERSION = YES;
				CLANG_WARN_CONSTANT_CONVERSION = YES;
				CLANG_WARN_DIRECT_OBJC_ISA_USAGE = YES_ERROR;
				CLANG_WARN_DOCUMENTATION_COMMENTS = YES;
				CLANG_WARN_EMPTY_BODY = YES;
				CLANG_WARN_ENUM_CONVERSION = YES;
				CLANG_WARN_INFINITE_RECURSION = YES;
				CLANG_WARN_INT_CONVERSION = YES;
				CLANG_WARN_OBJC_ROOT_CLASS = YES_ERROR;
				CLANG_WARN_SUSPICIOUS_MOVE = YES;
				CLANG_WARN_UNREACHABLE_CODE = YES;
				CLANG_WARN__DUPLICATE_METHOD_MATCH = YES;
				CODE_SIGN_IDENTITY = "-";
				COPY_PHASE_STRIP = NO;
				DEBUG_INFORMATION_FORMAT = "dwarf-with-dsym";
				ENABLE_NS_ASSERTIONS = NO;
				ENABLE_STRICT_OBJC_MSGSEND = YES;
				GCC_C_LANGUAGE_STANDARD = gnu99;
				GCC_NO_COMMON_BLOCKS = YES;
				GCC_WARN_64_TO_32_BIT_CONVERSION = YES;
				GCC_WARN_ABOUT_RETURN_TYPE = YES_ERROR;
				GCC_WARN_UNDECLARED_SELECTOR = YES;
				GCC_WARN_UNINITIALIZED_AUTOS = YES_AGGRESSIVE;
				GCC_WARN_UNUSED_FUNCTION = YES;
				GCC_WARN_UNUSED_VARIABLE = YES;
				MACOSX_DEPLOYMENT_TARGET = 10.11;
				MTL_ENABLE_DEBUG_INFO = NO;
				SDKROOT = macosx;
				SWIFT_OPTIMIZATION_LEVEL = "-Owholemodule";
			};
			name = Release;
		};
		DC9F5FDC1FF1B353006AADE0 /* Debug */ = {
			isa = XCBuildConfiguration;
			buildSettings = {
				ASSETCATALOG_COMPILER_APPICON_NAME = AppIcon;
				COMBINE_HIDPI_IMAGES = YES;
				DEVELOPMENT_TEAM = 42K23B473V;
				INFOPLIST_FILE = Status_Updates/Info.plist;
				LD_RUNPATH_SEARCH_PATHS = "$(inherited) @executable_path/../Frameworks";
				PRODUCT_BUNDLE_IDENTIFIER = "moderatelyfunctionalprogrammers.Status-Updates";
				PRODUCT_NAME = "$(TARGET_NAME)";
				SWIFT_VERSION = 3.0;
			};
			name = Debug;
		};
		DC9F5FDD1FF1B353006AADE0 /* Release */ = {
			isa = XCBuildConfiguration;
			buildSettings = {
				ASSETCATALOG_COMPILER_APPICON_NAME = AppIcon;
				COMBINE_HIDPI_IMAGES = YES;
				DEVELOPMENT_TEAM = 42K23B473V;
				INFOPLIST_FILE = Status_Updates/Info.plist;
				LD_RUNPATH_SEARCH_PATHS = "$(inherited) @executable_path/../Frameworks";
				PRODUCT_BUNDLE_IDENTIFIER = "moderatelyfunctionalprogrammers.Status-Updates";
				PRODUCT_NAME = "$(TARGET_NAME)";
				SWIFT_VERSION = 3.0;
			};
			name = Release;
		};
/* End XCBuildConfiguration section */

/* Begin XCConfigurationList section */
		DC9F5FC91FF1B353006AADE0 /* Build configuration list for PBXProject "Status_Updates" */ = {
			isa = XCConfigurationList;
			buildConfigurations = (
				DC9F5FD91FF1B353006AADE0 /* Debug */,
				DC9F5FDA1FF1B353006AADE0 /* Release */,
			);
			defaultConfigurationIsVisible = 0;
			defaultConfigurationName = Release;
		};
		DC9F5FDB1FF1B353006AADE0 /* Build configuration list for PBXNativeTarget "Status_Updates" */ = {
			isa = XCConfigurationList;
			buildConfigurations = (
				DC9F5FDC1FF1B353006AADE0 /* Debug */,
				DC9F5FDD1FF1B353006AADE0 /* Release */,
			);
			defaultConfigurationIsVisible = 0;
			defaultConfigurationName = Release;
		};
/* End XCConfigurationList section */
	};
	rootObject = DC9F5FC61FF1B353006AADE0 /* Project object */;
}
